
Microsoft Visual Studio Solution File, Format Version 12.00
# Visual Studio Version 16
VisualStudioVersion = 16.0.29201.188
MinimumVisualStudioVersion = 10.0.40219.1
Project("{FAE04EC0-301F-11D3-BF4B-00C04F79EFBC}") = "MarsRover", "MarsRover\MarsRover.csproj", "{F920FE5B-BBA5-49CA-A057-7C0E79B84E1B}"
EndProject
Project("{FAE04EC0-301F-11D3-BF4B-00C04F79EFBC}") = "MarsRoverTest", "MarsRoverTest\MarsRoverTest.csproj", "{E3BDD09F-1710-42A0-A722-CD74B0156B66}"
EndProject
Global
	GlobalSection(SolutionConfigurationPlatforms) = preSolution
		Debug|Any CPU = Debug|Any CPU
		Release|Any CPU = Release|Any CPU
	EndGlobalSection
	GlobalSection(ProjectConfigurationPlatforms) = postSolution
		{F920FE5B-BBA5-49CA-A057-7C0E79B84E1B}.Debug|Any CPU.ActiveCfg = Debug|Any CPU
		{F920FE5B-BBA5-49CA-A057-7C0E79B84E1B}.Debug|Any CPU.Build.0 = Debug|Any CPU
		{F920FE5B-BBA5-49CA-A057-7C0E79B84E1B}.Release|Any CPU.ActiveCfg = Release|Any CPU
		{F920FE5B-BBA5-49CA-A057-7C0E79B84E1B}.Release|Any CPU.Build.0 = Release|Any CPU
		{E3BDD09F-1710-42A0-A722-CD74B0156B66}.Debug|Any CPU.ActiveCfg = Debug|Any CPU
		{E3BDD09F-1710-42A0-A722-CD74B0156B66}.Debug|Any CPU.Build.0 = Debug|Any CPU
		{E3BDD09F-1710-42A0-A722-CD74B0156B66}.Release|Any CPU.ActiveCfg = Release|Any CPU
		{E3BDD09F-1710-42A0-A722-CD74B0156B66}.Release|Any CPU.Build.0 = Release|Any CPU
	EndGlobalSection
	GlobalSection(SolutionProperties) = preSolution
		HideSolutionNode = FALSE
	EndGlobalSection
	GlobalSection(ExtensibilityGlobals) = postSolution
		SolutionGuid = {91EF4FD2-0E16-4D9E-B81E-33915CA0D68A}
	EndGlobalSection
EndGlobal
